
Microsoft Visual Studio Solution File, Format Version 12.00
# Visual Studio 15
VisualStudioVersion = 15.0.28307.168
MinimumVisualStudioVersion = 10.0.40219.1
Project("{FAE04EC0-301F-11D3-BF4B-00C04F79EFBC}") = "c0732101-Assignment4", "c0732101-Assignment4\c0732101-Assignment4.csproj", "{0F3333B1-41E5-4AA4-9C5A-DAC4A291411A}"
EndProject
Global
	GlobalSection(SolutionConfigurationPlatforms) = preSolution
		Debug|Any CPU = Debug|Any CPU
		Release|Any CPU = Release|Any CPU
	EndGlobalSection
	GlobalSection(ProjectConfigurationPlatforms) = postSolution
		{0F3333B1-41E5-4AA4-9C5A-DAC4A291411A}.Debug|Any CPU.ActiveCfg = Debug|Any CPU
		{0F3333B1-41E5-4AA4-9C5A-DAC4A291411A}.Debug|Any CPU.Build.0 = Debug|Any CPU
		{0F3333B1-41E5-4AA4-9C5A-DAC4A291411A}.Release|Any CPU.ActiveCfg = Release|Any CPU
		{0F3333B1-41E5-4AA4-9C5A-DAC4A291411A}.Release|Any CPU.Build.0 = Release|Any CPU
	EndGlobalSection
	GlobalSection(SolutionProperties) = preSolution
		HideSolutionNode = FALSE
	EndGlobalSection
	GlobalSection(ExtensibilityGlobals) = postSolution
		SolutionGuid = {61FFD911-D8FA-4022-85CF-2929FB1BC74E}
	EndGlobalSection
EndGlobal
